
Microsoft Visual Studio Solution File, Format Version 12.00
# Visual Studio 15
VisualStudioVersion = 15.0.28307.329
MinimumVisualStudioVersion = 10.0.40219.1
Project("{9A19103F-16F7-4668-BE54-9A1E7A4F7556}") = "CustomerAddressManager.WebApi", "CustomerAddressManager.WebApi\CustomerAddressManager.WebApi.csproj", "{06D26A6A-38BD-47B3-A3C4-36F4D621A2B5}"
EndProject
Project("{9A19103F-16F7-4668-BE54-9A1E7A4F7556}") = "CustomerAddressManager.BusinessDomain", "CustomerAddressManager.BusinessDomain\CustomerAddressManager.BusinessDomain.csproj", "{8D3095A9-3E4E-43E3-A646-A7C124ED17FE}"
EndProject
Project("{9A19103F-16F7-4668-BE54-9A1E7A4F7556}") = "CustomerAddressManager.Dal", "CustomerAddressManager.Dal\CustomerAddressManager.Dal.csproj", "{F8CB4C28-887B-490B-A24F-CCE29FF96EA5}"
EndProject
Global
	GlobalSection(SolutionConfigurationPlatforms) = preSolution
		Debug|Any CPU = Debug|Any CPU
		Release|Any CPU = Release|Any CPU
	EndGlobalSection
	GlobalSection(ProjectConfigurationPlatforms) = postSolution
		{06D26A6A-38BD-47B3-A3C4-36F4D621A2B5}.Debug|Any CPU.ActiveCfg = Debug|Any CPU
		{06D26A6A-38BD-47B3-A3C4-36F4D621A2B5}.Debug|Any CPU.Build.0 = Debug|Any CPU
		{06D26A6A-38BD-47B3-A3C4-36F4D621A2B5}.Release|Any CPU.ActiveCfg = Release|Any CPU
		{06D26A6A-38BD-47B3-A3C4-36F4D621A2B5}.Release|Any CPU.Build.0 = Release|Any CPU
		{8D3095A9-3E4E-43E3-A646-A7C124ED17FE}.Debug|Any CPU.ActiveCfg = Debug|Any CPU
		{8D3095A9-3E4E-43E3-A646-A7C124ED17FE}.Debug|Any CPU.Build.0 = Debug|Any CPU
		{8D3095A9-3E4E-43E3-A646-A7C124ED17FE}.Release|Any CPU.ActiveCfg = Release|Any CPU
		{8D3095A9-3E4E-43E3-A646-A7C124ED17FE}.Release|Any CPU.Build.0 = Release|Any CPU
		{F8CB4C28-887B-490B-A24F-CCE29FF96EA5}.Debug|Any CPU.ActiveCfg = Debug|Any CPU
		{F8CB4C28-887B-490B-A24F-CCE29FF96EA5}.Debug|Any CPU.Build.0 = Debug|Any CPU
		{F8CB4C28-887B-490B-A24F-CCE29FF96EA5}.Release|Any CPU.ActiveCfg = Release|Any CPU
		{F8CB4C28-887B-490B-A24F-CCE29FF96EA5}.Release|Any CPU.Build.0 = Release|Any CPU
	EndGlobalSection
	GlobalSection(SolutionProperties) = preSolution
		HideSolutionNode = FALSE
	EndGlobalSection
	GlobalSection(ExtensibilityGlobals) = postSolution
		SolutionGuid = {6CBE9C97-2D87-4F78-9898-89258AB00C9A}
	EndGlobalSection
EndGlobal
